
Microsoft Visual Studio Solution File, Format Version 12.00
# Visual Studio Version 17
VisualStudioVersion = 17.5.33530.505
MinimumVisualStudioVersion = 10.0.40219.1
Project("{2150E333-8FDC-42A3-9474-1A3956D46DE8}") = "01. Domain", "01. Domain", "{734CED95-D1EE-42E1-BE24-78C6F54A1039}"
EndProject
Project("{9A19103F-16F7-4668-BE54-9A1E7A4F7556}") = "Domain", "Domain\Domain.csproj", "{419353F0-2BC4-4346-98C1-8664E114696B}"
EndProject
Project("{2150E333-8FDC-42A3-9474-1A3956D46DE8}") = "00. Generic Domain", "00. Generic Domain", "{432B34B6-03E4-4618-8153-F14BA23FB203}"
EndProject
Project("{9A19103F-16F7-4668-BE54-9A1E7A4F7556}") = "GenericDomain", "GenericDomain\GenericDomain.csproj", "{4A31BF13-DEC9-414E-B628-2A07A400BE37}"
EndProject
Project("{2150E333-8FDC-42A3-9474-1A3956D46DE8}") = "02. Application", "02. Application", "{773A2A89-79BC-460B-8575-8955F7645AD1}"
EndProject
Project("{9A19103F-16F7-4668-BE54-9A1E7A4F7556}") = "Application", "Application\Application.csproj", "{6DCFC8E4-64CD-4F5D-9D7B-75FD7C688BBD}"
EndProject
Project("{9A19103F-16F7-4668-BE54-9A1E7A4F7556}") = "Abstractions", "Abstractions\Abstractions.csproj", "{BF41039F-731C-4D96-AA22-F628A0DCA880}"
EndProject
Project("{2150E333-8FDC-42A3-9474-1A3956D46DE8}") = "03. Infrastructure", "03. Infrastructure", "{7F37FA07-A1D2-4F3E-87CF-5ADB769B6A85}"
EndProject
Project("{FAE04EC0-301F-11D3-BF4B-00C04F79EFBC}") = "Infrastructure", "Infrastructure\Infrastructure.csproj", "{66EC2CAF-77B7-4E18-90B4-605E439D02D5}"
EndProject
Project("{2150E333-8FDC-42A3-9474-1A3956D46DE8}") = "src", "src", "{001A5DA1-04ED-4FEE-9B58-2C4F40DB50AA}"
EndProject
Global
	GlobalSection(SolutionConfigurationPlatforms) = preSolution
		Debug|Any CPU = Debug|Any CPU
		Release|Any CPU = Release|Any CPU
	EndGlobalSection
	GlobalSection(ProjectConfigurationPlatforms) = postSolution
		{419353F0-2BC4-4346-98C1-8664E114696B}.Debug|Any CPU.ActiveCfg = Debug|Any CPU
		{419353F0-2BC4-4346-98C1-8664E114696B}.Debug|Any CPU.Build.0 = Debug|Any CPU
		{419353F0-2BC4-4346-98C1-8664E114696B}.Release|Any CPU.ActiveCfg = Release|Any CPU
		{419353F0-2BC4-4346-98C1-8664E114696B}.Release|Any CPU.Build.0 = Release|Any CPU
		{4A31BF13-DEC9-414E-B628-2A07A400BE37}.Debug|Any CPU.ActiveCfg = Debug|Any CPU
		{4A31BF13-DEC9-414E-B628-2A07A400BE37}.Debug|Any CPU.Build.0 = Debug|Any CPU
		{4A31BF13-DEC9-414E-B628-2A07A400BE37}.Release|Any CPU.ActiveCfg = Release|Any CPU
		{4A31BF13-DEC9-414E-B628-2A07A400BE37}.Release|Any CPU.Build.0 = Release|Any CPU
		{6DCFC8E4-64CD-4F5D-9D7B-75FD7C688BBD}.Debug|Any CPU.ActiveCfg = Debug|Any CPU
		{6DCFC8E4-64CD-4F5D-9D7B-75FD7C688BBD}.Debug|Any CPU.Build.0 = Debug|Any CPU
		{6DCFC8E4-64CD-4F5D-9D7B-75FD7C688BBD}.Release|Any CPU.ActiveCfg = Release|Any CPU
		{6DCFC8E4-64CD-4F5D-9D7B-75FD7C688BBD}.Release|Any CPU.Build.0 = Release|Any CPU
		{BF41039F-731C-4D96-AA22-F628A0DCA880}.Debug|Any CPU.ActiveCfg = Debug|Any CPU
		{BF41039F-731C-4D96-AA22-F628A0DCA880}.Debug|Any CPU.Build.0 = Debug|Any CPU
		{BF41039F-731C-4D96-AA22-F628A0DCA880}.Release|Any CPU.ActiveCfg = Release|Any CPU
		{BF41039F-731C-4D96-AA22-F628A0DCA880}.Release|Any CPU.Build.0 = Release|Any CPU
		{66EC2CAF-77B7-4E18-90B4-605E439D02D5}.Debug|Any CPU.ActiveCfg = Debug|Any CPU
		{66EC2CAF-77B7-4E18-90B4-605E439D02D5}.Debug|Any CPU.Build.0 = Debug|Any CPU
		{66EC2CAF-77B7-4E18-90B4-605E439D02D5}.Release|Any CPU.ActiveCfg = Release|Any CPU
		{66EC2CAF-77B7-4E18-90B4-605E439D02D5}.Release|Any CPU.Build.0 = Release|Any CPU
	EndGlobalSection
	GlobalSection(SolutionProperties) = preSolution
		HideSolutionNode = FALSE
	EndGlobalSection
	GlobalSection(NestedProjects) = preSolution
		{734CED95-D1EE-42E1-BE24-78C6F54A1039} = {001A5DA1-04ED-4FEE-9B58-2C4F40DB50AA}
		{419353F0-2BC4-4346-98C1-8664E114696B} = {734CED95-D1EE-42E1-BE24-78C6F54A1039}
		{432B34B6-03E4-4618-8153-F14BA23FB203} = {001A5DA1-04ED-4FEE-9B58-2C4F40DB50AA}
		{4A31BF13-DEC9-414E-B628-2A07A400BE37} = {432B34B6-03E4-4618-8153-F14BA23FB203}
		{773A2A89-79BC-460B-8575-8955F7645AD1} = {001A5DA1-04ED-4FEE-9B58-2C4F40DB50AA}
		{6DCFC8E4-64CD-4F5D-9D7B-75FD7C688BBD} = {773A2A89-79BC-460B-8575-8955F7645AD1}
		{BF41039F-731C-4D96-AA22-F628A0DCA880} = {734CED95-D1EE-42E1-BE24-78C6F54A1039}
		{7F37FA07-A1D2-4F3E-87CF-5ADB769B6A85} = {001A5DA1-04ED-4FEE-9B58-2C4F40DB50AA}
		{66EC2CAF-77B7-4E18-90B4-605E439D02D5} = {7F37FA07-A1D2-4F3E-87CF-5ADB769B6A85}
	EndGlobalSection
	GlobalSection(ExtensibilityGlobals) = postSolution
		SolutionGuid = {9DC83313-6689-440D-8AF2-12CB44047B41}
	EndGlobalSection
EndGlobal
